// !$*UTF8*$!
{
	archiveVersion = 1;
	classes = {
	};
	objectVersion = 56;
	objects = {

/* Begin PBXBuildFile section */
		72AB04432C0C450400E399A7 /* AppDelegate.swift in Sources */ = {isa = PBXBuildFile; fileRef = 72AB04422C0C450400E399A7 /* AppDelegate.swift */; };
		72AB04452C0C450400E399A7 /* SceneDelegate.swift in Sources */ = {isa = PBXBuildFile; fileRef = 72AB04442C0C450400E399A7 /* SceneDelegate.swift */; };
		72AB04472C0C450400E399A7 /* ViewController.swift in Sources */ = {isa = PBXBuildFile; fileRef = 72AB04462C0C450400E399A7 /* ViewController.swift */; };
		72AB044A2C0C450400E399A7 /* Base in Resources */ = {isa = PBXBuildFile; fileRef = 72AB04492C0C450400E399A7 /* Base */; };
		72AB044C2C0C450500E399A7 /* Assets.xcassets in Resources */ = {isa = PBXBuildFile; fileRef = 72AB044B2C0C450500E399A7 /* Assets.xcassets */; };
		72AB044F2C0C450500E399A7 /* Base in Resources */ = {isa = PBXBuildFile; fileRef = 72AB044E2C0C450500E399A7 /* Base */; };
		72AB045A2C0C450600E399A7 /* DynamicAttributedLabelTests.swift in Sources */ = {isa = PBXBuildFile; fileRef = 72AB04592C0C450600E399A7 /* DynamicAttributedLabelTests.swift */; };
		72AB04642C0C450600E399A7 /* DynamicAttributedLabelUITests.swift in Sources */ = {isa = PBXBuildFile; fileRef = 72AB04632C0C450600E399A7 /* DynamicAttributedLabelUITests.swift */; };
		72AB04662C0C450600E399A7 /* DynamicAttributedLabelUITestsLaunchTests.swift in Sources */ = {isa = PBXBuildFile; fileRef = 72AB04652C0C450600E399A7 /* DynamicAttributedLabelUITestsLaunchTests.swift */; };
/* End PBXBuildFile section */

/* Begin PBXContainerItemProxy section */
		72AB04562C0C450600E399A7 /* PBXContainerItemProxy */ = {
			isa = PBXContainerItemProxy;
			containerPortal = 72AB04372C0C450400E399A7 /* Project object */;
			proxyType = 1;
			remoteGlobalIDString = 72AB043E2C0C450400E399A7;
			remoteInfo = DynamicAttributedLabel;
		};
		72AB04602C0C450600E399A7 /* PBXContainerItemProxy */ = {
			isa = PBXContainerItemProxy;
			containerPortal = 72AB04372C0C450400E399A7 /* Project object */;
			proxyType = 1;
			remoteGlobalIDString = 72AB043E2C0C450400E399A7;
			remoteInfo = DynamicAttributedLabel;
		};
/* End PBXContainerItemProxy section */

/* Begin PBXFileReference section */
		72AB043F2C0C450400E399A7 /* DynamicAttributedLabel.app */ = {isa = PBXFileReference; explicitFileType = wrapper.application; includeInIndex = 0; path = DynamicAttributedLabel.app; sourceTree = BUILT_PRODUCTS_DIR; };
		72AB04422C0C450400E399A7 /* AppDelegate.swift */ = {isa = PBXFileReference; lastKnownFileType = sourcecode.swift; path = AppDelegate.swift; sourceTree = "<group>"; };
		72AB04442C0C450400E399A7 /* SceneDelegate.swift */ = {isa = PBXFileReference; lastKnownFileType = sourcecode.swift; path = SceneDelegate.swift; sourceTree = "<group>"; };
		72AB04462C0C450400E399A7 /* ViewController.swift */ = {isa = PBXFileReference; lastKnownFileType = sourcecode.swift; path = ViewController.swift; sourceTree = "<group>"; };
		72AB04492C0C450400E399A7 /* Base */ = {isa = PBXFileReference; lastKnownFileType = file.storyboard; name = Base; path = Base.lproj/Main.storyboard; sourceTree = "<group>"; };
		72AB044B2C0C450500E399A7 /* Assets.xcassets */ = {isa = PBXFileReference; lastKnownFileType = folder.assetcatalog; path = Assets.xcassets; sourceTree = "<group>"; };
		72AB044E2C0C450500E399A7 /* Base */ = {isa = PBXFileReference; lastKnownFileType = file.storyboard; name = Base; path = Base.lproj/LaunchScreen.storyboard; sourceTree = "<group>"; };
		72AB04502C0C450500E399A7 /* Info.plist */ = {isa = PBXFileReference; lastKnownFileType = text.plist.xml; path = Info.plist; sourceTree = "<group>"; };
		72AB04552C0C450600E399A7 /* DynamicAttributedLabelTests.xctest */ = {isa = PBXFileReference; explicitFileType = wrapper.cfbundle; includeInIndex = 0; path = DynamicAttributedLabelTests.xctest; sourceTree = BUILT_PRODUCTS_DIR; };
		72AB04592C0C450600E399A7 /* DynamicAttributedLabelTests.swift */ = {isa = PBXFileReference; lastKnownFileType = sourcecode.swift; path = DynamicAttributedLabelTests.swift; sourceTree = "<group>"; };
		72AB045F2C0C450600E399A7 /* DynamicAttributedLabelUITests.xctest */ = {isa = PBXFileReference; explicitFileType = wrapper.cfbundle; includeInIndex = 0; path = DynamicAttributedLabelUITests.xctest; sourceTree = BUILT_PRODUCTS_DIR; };
		72AB04632C0C450600E399A7 /* DynamicAttributedLabelUITests.swift */ = {isa = PBXFileReference; lastKnownFileType = sourcecode.swift; path = DynamicAttributedLabelUITests.swift; sourceTree = "<group>"; };
		72AB04652C0C450600E399A7 /* DynamicAttributedLabelUITestsLaunchTests.swift */ = {isa = PBXFileReference; lastKnownFileType = sourcecode.swift; path = DynamicAttributedLabelUITestsLaunchTests.swift; sourceTree = "<group>"; };
/* End PBXFileReference section */

/* Begin PBXFrameworksBuildPhase section */
		72AB043C2C0C450400E399A7 /* Frameworks */ = {
			isa = PBXFrameworksBuildPhase;
			buildActionMask = 2147483647;
			files = (
			);
			runOnlyForDeploymentPostprocessing = 0;
		};
		72AB04522C0C450600E399A7 /* Frameworks */ = {
			isa = PBXFrameworksBuildPhase;
			buildActionMask = 2147483647;
			files = (
			);
			runOnlyForDeploymentPostprocessing = 0;
		};
		72AB045C2C0C450600E399A7 /* Frameworks */ = {
			isa = PBXFrameworksBuildPhase;
			buildActionMask = 2147483647;
			files = (
			);
			runOnlyForDeploymentPostprocessing = 0;
		};
/* End PBXFrameworksBuildPhase section */

/* Begin PBXGroup section */
		72AB04362C0C450400E399A7 = {
			isa = PBXGroup;
			children = (
				72AB04412C0C450400E399A7 /* DynamicAttributedLabel */,
				72AB04582C0C450600E399A7 /* DynamicAttributedLabelTests */,
				72AB04622C0C450600E399A7 /* DynamicAttributedLabelUITests */,
				72AB04402C0C450400E399A7 /* Products */,
			);
			sourceTree = "<group>";
		};
		72AB04402C0C450400E399A7 /* Products */ = {
			isa = PBXGroup;
			children = (
				72AB043F2C0C450400E399A7 /* DynamicAttributedLabel.app */,
				72AB04552C0C450600E399A7 /* DynamicAttributedLabelTests.xctest */,
				72AB045F2C0C450600E399A7 /* DynamicAttributedLabelUITests.xctest */,
			);
			name = Products;
			sourceTree = "<group>";
		};
		72AB04412C0C450400E399A7 /* DynamicAttributedLabel */ = {
			isa = PBXGroup;
			children = (
				72AB04422C0C450400E399A7 /* AppDelegate.swift */,
				72AB04442C0C450400E399A7 /* SceneDelegate.swift */,
				72AB04462C0C450400E399A7 /* ViewController.swift */,
				72AB04482C0C450400E399A7 /* Main.storyboard */,
				72AB044B2C0C450500E399A7 /* Assets.xcassets */,
				72AB044D2C0C450500E399A7 /* LaunchScreen.storyboard */,
				72AB04502C0C450500E399A7 /* Info.plist */,
			);
			path = DynamicAttributedLabel;
			sourceTree = "<group>";
		};
		72AB04582C0C450600E399A7 /* DynamicAttributedLabelTests */ = {
			isa = PBXGroup;
			children = (
				72AB04592C0C450600E399A7 /* DynamicAttributedLabelTests.swift */,
			);
			path = DynamicAttributedLabelTests;
			sourceTree = "<group>";
		};
		72AB04622C0C450600E399A7 /* DynamicAttributedLabelUITests */ = {
			isa = PBXGroup;
			children = (
				72AB04632C0C450600E399A7 /* DynamicAttributedLabelUITests.swift */,
				72AB04652C0C450600E399A7 /* DynamicAttributedLabelUITestsLaunchTests.swift */,
			);
			path = DynamicAttributedLabelUITests;
			sourceTree = "<group>";
		};
/* End PBXGroup section */

/* Begin PBXNativeTarget section */
		72AB043E2C0C450400E399A7 /* DynamicAttributedLabel */ = {
			isa = PBXNativeTarget;
			buildConfigurationList = 72AB04692C0C450600E399A7 /* Build configuration list for PBXNativeTarget "DynamicAttributedLabel" */;
			buildPhases = (
				72AB043B2C0C450400E399A7 /* Sources */,
				72AB043C2C0C450400E399A7 /* Frameworks */,
				72AB043D2C0C450400E399A7 /* Resources */,
			);
			buildRules = (
			);
			dependencies = (
			);
			name = DynamicAttributedLabel;
			productName = DynamicAttributedLabel;
			productReference = 72AB043F2C0C450400E399A7 /* DynamicAttributedLabel.app */;
			productType = "com.apple.product-type.application";
		};
		72AB04542C0C450600E399A7 /* DynamicAttributedLabelTests */ = {
			isa = PBXNativeTarget;
			buildConfigurationList = 72AB046C2C0C450600E399A7 /* Build configuration list for PBXNativeTarget "DynamicAttributedLabelTests" */;
			buildPhases = (
				72AB04512C0C450600E399A7 /* Sources */,
				72AB04522C0C450600E399A7 /* Frameworks */,
				72AB04532C0C450600E399A7 /* Resources */,
			);
			buildRules = (
			);
			dependencies = (
				72AB04572C0C450600E399A7 /* PBXTargetDependency */,
			);
			name = DynamicAttributedLabelTests;
			productName = DynamicAttributedLabelTests;
			productReference = 72AB04552C0C450600E399A7 /* DynamicAttributedLabelTests.xctest */;
			productType = "com.apple.product-type.bundle.unit-test";
		};
		72AB045E2C0C450600E399A7 /* DynamicAttributedLabelUITests */ = {
			isa = PBXNativeTarget;
			buildConfigurationList = 72AB046F2C0C450600E399A7 /* Build configuration list for PBXNativeTarget "DynamicAttributedLabelUITests" */;
			buildPhases = (
				72AB045B2C0C450600E399A7 /* Sources */,
				72AB045C2C0C450600E399A7 /* Frameworks */,
				72AB045D2C0C450600E399A7 /* Resources */,
			);
			buildRules = (
			);
			dependencies = (
				72AB04612C0C450600E399A7 /* PBXTargetDependency */,
			);
			name = DynamicAttributedLabelUITests;
			productName = DynamicAttributedLabelUITests;
			productReference = 72AB045F2C0C450600E399A7 /* DynamicAttributedLabelUITests.xctest */;
			productType = "com.apple.product-type.bundle.ui-testing";
		};
/* End PBXNativeTarget section */

/* Begin PBXProject section */
		72AB04372C0C450400E399A7 /* Project object */ = {
			isa = PBXProject;
			attributes = {
				BuildIndependentTargetsInParallel = 1;
				LastSwiftUpdateCheck = 1530;
				LastUpgradeCheck = 1530;
				TargetAttributes = {
					72AB043E2C0C450400E399A7 = {
						CreatedOnToolsVersion = 15.3;
					};
					72AB04542C0C450600E399A7 = {
						CreatedOnToolsVersion = 15.3;
						TestTargetID = 72AB043E2C0C450400E399A7;
					};
					72AB045E2C0C450600E399A7 = {
						CreatedOnToolsVersion = 15.3;
						TestTargetID = 72AB043E2C0C450400E399A7;
					};
				};
			};
			buildConfigurationList = 72AB043A2C0C450400E399A7 /* Build configuration list for PBXProject "DynamicAttributedLabel" */;
			compatibilityVersion = "Xcode 14.0";
			developmentRegion = en;
			hasScannedForEncodings = 0;
			knownRegions = (
				en,
				Base,
			);
			mainGroup = 72AB04362C0C450400E399A7;
			productRefGroup = 72AB04402C0C450400E399A7 /* Products */;
			projectDirPath = "";
			projectRoot = "";
			targets = (
				72AB043E2C0C450400E399A7 /* DynamicAttributedLabel */,
				72AB04542C0C450600E399A7 /* DynamicAttributedLabelTests */,
				72AB045E2C0C450600E399A7 /* DynamicAttributedLabelUITests */,
			);
		};
/* End PBXProject section */

/* Begin PBXResourcesBuildPhase section */
		72AB043D2C0C450400E399A7 /* Resources */ = {
			isa = PBXResourcesBuildPhase;
			buildActionMask = 2147483647;
			files = (
				72AB044C2C0C450500E399A7 /* Assets.xcassets in Resources */,
				72AB044F2C0C450500E399A7 /* Base in Resources */,
				72AB044A2C0C450400E399A7 /* Base in Resources */,
			);
			runOnlyForDeploymentPostprocessing = 0;
		};
		72AB04532C0C450600E399A7 /* Resources */ = {
			isa = PBXResourcesBuildPhase;
			buildActionMask = 2147483647;
			files = (
			);
			runOnlyForDeploymentPostprocessing = 0;
		};
		72AB045D2C0C450600E399A7 /* Resources */ = {
			isa = PBXResourcesBuildPhase;
			buildActionMask = 2147483647;
			files = (
			);
			runOnlyForDeploymentPostprocessing = 0;
		};
/* End PBXResourcesBuildPhase section */

/* Begin PBXSourcesBuildPhase section */
		72AB043B2C0C450400E399A7 /* Sources */ = {
			isa = PBXSourcesBuildPhase;
			buildActionMask = 2147483647;
			files = (
				72AB04472C0C450400E399A7 /* ViewController.swift in Sources */,
				72AB04432C0C450400E399A7 /* AppDelegate.swift in Sources */,
				72AB04452C0C450400E399A7 /* SceneDelegate.swift in Sources */,
			);
			runOnlyForDeploymentPostprocessing = 0;
		};
		72AB04512C0C450600E399A7 /* Sources */ = {
			isa = PBXSourcesBuildPhase;
			buildActionMask = 2147483647;
			files = (
				72AB045A2C0C450600E399A7 /* DynamicAttributedLabelTests.swift in Sources */,
			);
			runOnlyForDeploymentPostprocessing = 0;
		};
		72AB045B2C0C450600E399A7 /* Sources */ = {
			isa = PBXSourcesBuildPhase;
			buildActionMask = 2147483647;
			files = (
				72AB04642C0C450600E399A7 /* DynamicAttributedLabelUITests.swift in Sources */,
				72AB04662C0C450600E399A7 /* DynamicAttributedLabelUITestsLaunchTests.swift in Sources */,
			);
			runOnlyForDeploymentPostprocessing = 0;
		};
/* End PBXSourcesBuildPhase section */

/* Begin PBXTargetDependency section */
		72AB04572C0C450600E399A7 /* PBXTargetDependency */ = {
			isa = PBXTargetDependency;
			target = 72AB043E2C0C450400E399A7 /* DynamicAttributedLabel */;
			targetProxy = 72AB04562C0C450600E399A7 /* PBXContainerItemProxy */;
		};
		72AB04612C0C450600E399A7 /* PBXTargetDependency */ = {
			isa = PBXTargetDependency;
			target = 72AB043E2C0C450400E399A7 /* DynamicAttributedLabel */;
			targetProxy = 72AB04602C0C450600E399A7 /* PBXContainerItemProxy */;
		};
/* End PBXTargetDependency section */

/* Begin PBXVariantGroup section */
		72AB04482C0C450400E399A7 /* Main.storyboard */ = {
			isa = PBXVariantGroup;
			children = (
				72AB04492C0C450400E399A7 /* Base */,
			);
			name = Main.storyboard;
			sourceTree = "<group>";
		};
		72AB044D2C0C450500E399A7 /* LaunchScreen.storyboard */ = {
			isa = PBXVariantGroup;
			children = (
				72AB044E2C0C450500E399A7 /* Base */,
			);
			name = LaunchScreen.storyboard;
			sourceTree = "<group>";
		};
/* End PBXVariantGroup section */

/* Begin XCBuildConfiguration section */
		72AB04672C0C450600E399A7 /* Debug */ = {
			isa = XCBuildConfiguration;
			buildSettings = {
				ALWAYS_SEARCH_USER_PATHS = NO;
				ASSETCATALOG_COMPILER_GENERATE_SWIFT_ASSET_SYMBOL_EXTENSIONS = YES;
				CLANG_ANALYZER_NONNULL = YES;
				CLANG_ANALYZER_NUMBER_OBJECT_CONVERSION = YES_AGGRESSIVE;
				CLANG_CXX_LANGUAGE_STANDARD = "gnu++20";
				CLANG_ENABLE_MODULES = YES;
				CLANG_ENABLE_OBJC_ARC = YES;
				CLANG_ENABLE_OBJC_WEAK = YES;
				CLANG_WARN_BLOCK_CAPTURE_AUTORELEASING = YES;
				CLANG_WARN_BOOL_CONVERSION = YES;
				CLANG_WARN_COMMA = YES;
				CLANG_WARN_CONSTANT_CONVERSION = YES;
				CLANG_WARN_DEPRECATED_OBJC_IMPLEMENTATIONS = YES;
				CLANG_WARN_DIRECT_OBJC_ISA_USAGE = YES_ERROR;
				CLANG_WARN_DOCUMENTATION_COMMENTS = YES;
				CLANG_WARN_EMPTY_BODY = YES;
				CLANG_WARN_ENUM_CONVERSION = YES;
				CLANG_WARN_INFINITE_RECURSION = YES;
				CLANG_WARN_INT_CONVERSION = YES;
				CLANG_WARN_NON_LITERAL_NULL_CONVERSION = YES;
				CLANG_WARN_OBJC_IMPLICIT_RETAIN_SELF = YES;
				CLANG_WARN_OBJC_LITERAL_CONVERSION = YES;
				CLANG_WARN_OBJC_ROOT_CLASS = YES_ERROR;
				CLANG_WARN_QUOTED_INCLUDE_IN_FRAMEWORK_HEADER = YES;
				CLANG_WARN_RANGE_LOOP_ANALYSIS = YES;
				CLANG_WARN_STRICT_PROTOTYPES = YES;
				CLANG_WARN_SUSPICIOUS_MOVE = YES;
				CLANG_WARN_UNGUARDED_AVAILABILITY = YES_AGGRESSIVE;
				CLANG_WARN_UNREACHABLE_CODE = YES;
				CLANG_WARN__DUPLICATE_METHOD_MATCH = YES;
				COPY_PHASE_STRIP = NO;
				DEBUG_INFORMATION_FORMAT = dwarf;
				ENABLE_STRICT_OBJC_MSGSEND = YES;
				ENABLE_TESTABILITY = YES;
				ENABLE_USER_SCRIPT_SANDBOXING = YES;
				GCC_C_LANGUAGE_STANDARD = gnu17;
				GCC_DYNAMIC_NO_PIC = NO;
				GCC_NO_COMMON_BLOCKS = YES;
				GCC_OPTIMIZATION_LEVEL = 0;
				GCC_PREPROCESSOR_DEFINITIONS = (
					"DEBUG=1",
					"$(inherited)",
				);
				GCC_WARN_64_TO_32_BIT_CONVERSION = YES;
				GCC_WARN_ABOUT_RETURN_TYPE = YES_ERROR;
				GCC_WARN_UNDECLARED_SELECTOR = YES;
				GCC_WARN_UNINITIALIZED_AUTOS = YES_AGGRESSIVE;
				GCC_WARN_UNUSED_FUNCTION = YES;
				GCC_WARN_UNUSED_VARIABLE = YES;
				IPHONEOS_DEPLOYMENT_TARGET = 17.4;
				LOCALIZATION_PREFERS_STRING_CATALOGS = YES;
				MTL_ENABLE_DEBUG_INFO = INCLUDE_SOURCE;
				MTL_FAST_MATH = YES;
				ONLY_ACTIVE_ARCH = YES;
				SDKROOT = iphoneos;
				SWIFT_ACTIVE_COMPILATION_CONDITIONS = "DEBUG $(inherited)";
				SWIFT_OPTIMIZATION_LEVEL = "-Onone";
			};
			name = Debug;
		};
		72AB04682C0C450600E399A7 /* Release */ = {
			isa = XCBuildConfiguration;
			buildSettings = {
				ALWAYS_SEARCH_USER_PATHS = NO;
				ASSETCATALOG_COMPILER_GENERATE_SWIFT_ASSET_SYMBOL_EXTENSIONS = YES;
				CLANG_ANALYZER_NONNULL = YES;
				CLANG_ANALYZER_NUMBER_OBJECT_CONVERSION = YES_AGGRESSIVE;
				CLANG_CXX_LANGUAGE_STANDARD = "gnu++20";
				CLANG_ENABLE_MODULES = YES;
				CLANG_ENABLE_OBJC_ARC = YES;
				CLANG_ENABLE_OBJC_WEAK = YES;
				CLANG_WARN_BLOCK_CAPTURE_AUTORELEASING = YES;
				CLANG_WARN_BOOL_CONVERSION = YES;
				CLANG_WARN_COMMA = YES;
				CLANG_WARN_CONSTANT_CONVERSION = YES;
				CLANG_WARN_DEPRECATED_OBJC_IMPLEMENTATIONS = YES;
				CLANG_WARN_DIRECT_OBJC_ISA_USAGE = YES_ERROR;
				CLANG_WARN_DOCUMENTATION_COMMENTS = YES;
				CLANG_WARN_EMPTY_BODY = YES;
				CLANG_WARN_ENUM_CONVERSION = YES;
				CLANG_WARN_INFINITE_RECURSION = YES;
				CLANG_WARN_INT_CONVERSION = YES;
				CLANG_WARN_NON_LITERAL_NULL_CONVERSION = YES;
				CLANG_WARN_OBJC_IMPLICIT_RETAIN_SELF = YES;
				CLANG_WARN_OBJC_LITERAL_CONVERSION = YES;
				CLANG_WARN_OBJC_ROOT_CLASS = YES_ERROR;
				CLANG_WARN_QUOTED_INCLUDE_IN_FRAMEWORK_HEADER = YES;
				CLANG_WARN_RANGE_LOOP_ANALYSIS = YES;
				CLANG_WARN_STRICT_PROTOTYPES = YES;
				CLANG_WARN_SUSPICIOUS_MOVE = YES;
				CLANG_WARN_UNGUARDED_AVAILABILITY = YES_AGGRESSIVE;
				CLANG_WARN_UNREACHABLE_CODE = YES;
				CLANG_WARN__DUPLICATE_METHOD_MATCH = YES;
				COPY_PHASE_STRIP = NO;
				DEBUG_INFORMATION_FORMAT = "dwarf-with-dsym";
				ENABLE_NS_ASSERTIONS = NO;
				ENABLE_STRICT_OBJC_MSGSEND = YES;
				ENABLE_USER_SCRIPT_SANDBOXING = YES;
				GCC_C_LANGUAGE_STANDARD = gnu17;
				GCC_NO_COMMON_BLOCKS = YES;
				GCC_WARN_64_TO_32_BIT_CONVERSION = YES;
				GCC_WARN_ABOUT_RETURN_TYPE = YES_ERROR;
				GCC_WARN_UNDECLARED_SELECTOR = YES;
				GCC_WARN_UNINITIALIZED_AUTOS = YES_AGGRESSIVE;
				GCC_WARN_UNUSED_FUNCTION = YES;
				GCC_WARN_UNUSED_VARIABLE = YES;
				IPHONEOS_DEPLOYMENT_TARGET = 17.4;
				LOCALIZATION_PREFERS_STRING_CATALOGS = YES;
				MTL_ENABLE_DEBUG_INFO = NO;
				MTL_FAST_MATH = YES;
				SDKROOT = iphoneos;
				SWIFT_COMPILATION_MODE = wholemodule;
				VALIDATE_PRODUCT = YES;
			};
			name = Release;
		};
		72AB046A2C0C450600E399A7 /* Debug */ = {
			isa = XCBuildConfiguration;
			buildSettings = {
				ASSETCATALOG_COMPILER_APPICON_NAME = AppIcon;
				ASSETCATALOG_COMPILER_GLOBAL_ACCENT_COLOR_NAME = AccentColor;
				CODE_SIGN_STYLE = Automatic;
				CURRENT_PROJECT_VERSION = 1;
				DEVELOPMENT_TEAM = SHKJTZ9GMF;
				GENERATE_INFOPLIST_FILE = YES;
				INFOPLIST_FILE = DynamicAttributedLabel/Info.plist;
				INFOPLIST_KEY_UIApplicationSupportsIndirectInputEvents = YES;
				INFOPLIST_KEY_UILaunchStoryboardName = LaunchScreen;
				INFOPLIST_KEY_UIMainStoryboardFile = Main;
				INFOPLIST_KEY_UISupportedInterfaceOrientations_iPad = "UIInterfaceOrientationPortrait UIInterfaceOrientationPortraitUpsideDown UIInterfaceOrientationLandscapeLeft UIInterfaceOrientationLandscapeRight";
				INFOPLIST_KEY_UISupportedInterfaceOrientations_iPhone = "UIInterfaceOrientationPortrait UIInterfaceOrientationLandscapeLeft UIInterfaceOrientationLandscapeRight";
				LD_RUNPATH_SEARCH_PATHS = (
					"$(inherited)",
					"@executable_path/Frameworks",
				);
				MARKETING_VERSION = 1.0;
				PRODUCT_BUNDLE_IDENTIFIER = ru.gakmen.DynamicAttributedLabel;
				PRODUCT_NAME = "$(TARGET_NAME)";
				SWIFT_EMIT_LOC_STRINGS = YES;
				SWIFT_VERSION = 5.0;
				TARGETED_DEVICE_FAMILY = "1,2";
			};
			name = Debug;
		};
		72AB046B2C0C450600E399A7 /* Release */ = {
			isa = XCBuildConfiguration;
			buildSettings = {
				ASSETCATALOG_COMPILER_APPICON_NAME = AppIcon;
				ASSETCATALOG_COMPILER_GLOBAL_ACCENT_COLOR_NAME = AccentColor;
				CODE_SIGN_STYLE = Automatic;
				CURRENT_PROJECT_VERSION = 1;
				DEVELOPMENT_TEAM = SHKJTZ9GMF;
				GENERATE_INFOPLIST_FILE = YES;
				INFOPLIST_FILE = DynamicAttributedLabel/Info.plist;
				INFOPLIST_KEY_UIApplicationSupportsIndirectInputEvents = YES;
				INFOPLIST_KEY_UILaunchStoryboardName = LaunchScreen;
				INFOPLIST_KEY_UIMainStoryboardFile = Main;
				INFOPLIST_KEY_UISupportedInterfaceOrientations_iPad = "UIInterfaceOrientationPortrait UIInterfaceOrientationPortraitUpsideDown UIInterfaceOrientationLandscapeLeft UIInterfaceOrientationLandscapeRight";
				INFOPLIST_KEY_UISupportedInterfaceOrientations_iPhone = "UIInterfaceOrientationPortrait UIInterfaceOrientationLandscapeLeft UIInterfaceOrientationLandscapeRight";
				LD_RUNPATH_SEARCH_PATHS = (
					"$(inherited)",
					"@executable_path/Frameworks",
				);
				MARKETING_VERSION = 1.0;
				PRODUCT_BUNDLE_IDENTIFIER = ru.gakmen.DynamicAttributedLabel;
				PRODUCT_NAME = "$(TARGET_NAME)";
				SWIFT_EMIT_LOC_STRINGS = YES;
				SWIFT_VERSION = 5.0;
				TARGETED_DEVICE_FAMILY = "1,2";
			};
			name = Release;
		};
		72AB046D2C0C450600E399A7 /* Debug */ = {
			isa = XCBuildConfiguration;
			buildSettings = {
				ALWAYS_EMBED_SWIFT_STANDARD_LIBRARIES = YES;
				BUNDLE_LOADER = "$(TEST_HOST)";
				CODE_SIGN_STYLE = Automatic;
				CURRENT_PROJECT_VERSION = 1;
				DEVELOPMENT_TEAM = SHKJTZ9GMF;
				GENERATE_INFOPLIST_FILE = YES;
				IPHONEOS_DEPLOYMENT_TARGET = 17.4;
				MARKETING_VERSION = 1.0;
				PRODUCT_BUNDLE_IDENTIFIER = ru.gakmen.DynamicAttributedLabelTests;
				PRODUCT_NAME = "$(TARGET_NAME)";
				SWIFT_EMIT_LOC_STRINGS = NO;
				SWIFT_VERSION = 5.0;
				TARGETED_DEVICE_FAMILY = "1,2";
				TEST_HOST = "$(BUILT_PRODUCTS_DIR)/DynamicAttributedLabel.app/$(BUNDLE_EXECUTABLE_FOLDER_PATH)/DynamicAttributedLabel";
			};
			name = Debug;
		};
		72AB046E2C0C450600E399A7 /* Release */ = {
			isa = XCBuildConfiguration;
			buildSettings = {
				ALWAYS_EMBED_SWIFT_STANDARD_LIBRARIES = YES;
				BUNDLE_LOADER = "$(TEST_HOST)";
				CODE_SIGN_STYLE = Automatic;
				CURRENT_PROJECT_VERSION = 1;
				DEVELOPMENT_TEAM = SHKJTZ9GMF;
				GENERATE_INFOPLIST_FILE = YES;
				IPHONEOS_DEPLOYMENT_TARGET = 17.4;
				MARKETING_VERSION = 1.0;
				PRODUCT_BUNDLE_IDENTIFIER = ru.gakmen.DynamicAttributedLabelTests;
				PRODUCT_NAME = "$(TARGET_NAME)";
				SWIFT_EMIT_LOC_STRINGS = NO;
				SWIFT_VERSION = 5.0;
				TARGETED_DEVICE_FAMILY = "1,2";
				TEST_HOST = "$(BUILT_PRODUCTS_DIR)/DynamicAttributedLabel.app/$(BUNDLE_EXECUTABLE_FOLDER_PATH)/DynamicAttributedLabel";
			};
			name = Release;
		};
		72AB04702C0C450600E399A7 /* Debug */ = {
			isa = XCBuildConfiguration;
			buildSettings = {
				ALWAYS_EMBED_SWIFT_STANDARD_LIBRARIES = YES;
				CODE_SIGN_STYLE = Automatic;
				CURRENT_PROJECT_VERSION = 1;
				DEVELOPMENT_TEAM = SHKJTZ9GMF;
				GENERATE_INFOPLIST_FILE = YES;
				MARKETING_VERSION = 1.0;
				PRODUCT_BUNDLE_IDENTIFIER = ru.gakmen.DynamicAttributedLabelUITests;
				PRODUCT_NAME = "$(TARGET_NAME)";
				SWIFT_EMIT_LOC_STRINGS = NO;
				SWIFT_VERSION = 5.0;
				TARGETED_DEVICE_FAMILY = "1,2";
				TEST_TARGET_NAME = DynamicAttributedLabel;
			};
			name = Debug;
		};
		72AB04712C0C450600E399A7 /* Release */ = {
			isa = XCBuildConfiguration;
			buildSettings = {
				ALWAYS_EMBED_SWIFT_STANDARD_LIBRARIES = YES;
				CODE_SIGN_STYLE = Automatic;
				CURRENT_PROJECT_VERSION = 1;
				DEVELOPMENT_TEAM = SHKJTZ9GMF;
				GENERATE_INFOPLIST_FILE = YES;
				MARKETING_VERSION = 1.0;
				PRODUCT_BUNDLE_IDENTIFIER = ru.gakmen.DynamicAttributedLabelUITests;
				PRODUCT_NAME = "$(TARGET_NAME)";
				SWIFT_EMIT_LOC_STRINGS = NO;
				SWIFT_VERSION = 5.0;
				TARGETED_DEVICE_FAMILY = "1,2";
				TEST_TARGET_NAME = DynamicAttributedLabel;
			};
			name = Release;
		};
/* End XCBuildConfiguration section */

/* Begin XCConfigurationList section */
		72AB043A2C0C450400E399A7 /* Build configuration list for PBXProject "DynamicAttributedLabel" */ = {
			isa = XCConfigurationList;
			buildConfigurations = (
				72AB04672C0C450600E399A7 /* Debug */,
				72AB04682C0C450600E399A7 /* Release */,
			);
			defaultConfigurationIsVisible = 0;
			defaultConfigurationName = Release;
		};
		72AB04692C0C450600E399A7 /* Build configuration list for PBXNativeTarget "DynamicAttributedLabel" */ = {
			isa = XCConfigurationList;
			buildConfigurations = (
				72AB046A2C0C450600E399A7 /* Debug */,
				72AB046B2C0C450600E399A7 /* Release */,
			);
			defaultConfigurationIsVisible = 0;
			defaultConfigurationName = Release;
		};
		72AB046C2C0C450600E399A7 /* Build configuration list for PBXNativeTarget "DynamicAttributedLabelTests" */ = {
			isa = XCConfigurationList;
			buildConfigurations = (
				72AB046D2C0C450600E399A7 /* Debug */,
				72AB046E2C0C450600E399A7 /* Release */,
			);
			defaultConfigurationIsVisible = 0;
			defaultConfigurationName = Release;
		};
		72AB046F2C0C450600E399A7 /* Build configuration list for PBXNativeTarget "DynamicAttributedLabelUITests" */ = {
			isa = XCConfigurationList;
			buildConfigurations = (
				72AB04702C0C450600E399A7 /* Debug */,
				72AB04712C0C450600E399A7 /* Release */,
			);
			defaultConfigurationIsVisible = 0;
			defaultConfigurationName = Release;
		};
/* End XCConfigurationList section */
	};
	rootObject = 72AB04372C0C450400E399A7 /* Project object */;
}
